
Microsoft Visual Studio Solution File, Format Version 12.00
# Visual Studio Version 16
VisualStudioVersion = 16.0.33529.622
MinimumVisualStudioVersion = 10.0.40219.1
Project("{FAE04EC0-301F-11D3-BF4B-00C04F79EFBC}") = "TesteGenesis", "TesteGenesis\TesteGenesis.csproj", "{440CBB77-8C63-400E-B8AF-92004828A3EB}"
EndProject
Project("{FAE04EC0-301F-11D3-BF4B-00C04F79EFBC}") = "TesteGenesis.Api", "TesteGenesis.Api\TesteGenesis.Api.csproj", "{98F1D261-A782-40B3-BEF2-8A6DFE96FF4A}"
EndProject
Global
	GlobalSection(SolutionConfigurationPlatforms) = preSolution
		Debug|Any CPU = Debug|Any CPU
		Release|Any CPU = Release|Any CPU
	EndGlobalSection
	GlobalSection(ProjectConfigurationPlatforms) = postSolution
		{440CBB77-8C63-400E-B8AF-92004828A3EB}.Debug|Any CPU.ActiveCfg = Debug|Any CPU
		{440CBB77-8C63-400E-B8AF-92004828A3EB}.Debug|Any CPU.Build.0 = Debug|Any CPU
		{440CBB77-8C63-400E-B8AF-92004828A3EB}.Release|Any CPU.ActiveCfg = Release|Any CPU
		{440CBB77-8C63-400E-B8AF-92004828A3EB}.Release|Any CPU.Build.0 = Release|Any CPU
		{98F1D261-A782-40B3-BEF2-8A6DFE96FF4A}.Debug|Any CPU.ActiveCfg = Debug|Any CPU
		{98F1D261-A782-40B3-BEF2-8A6DFE96FF4A}.Debug|Any CPU.Build.0 = Debug|Any CPU
		{98F1D261-A782-40B3-BEF2-8A6DFE96FF4A}.Release|Any CPU.ActiveCfg = Release|Any CPU
		{98F1D261-A782-40B3-BEF2-8A6DFE96FF4A}.Release|Any CPU.Build.0 = Release|Any CPU
	EndGlobalSection
	GlobalSection(SolutionProperties) = preSolution
		HideSolutionNode = FALSE
	EndGlobalSection
	GlobalSection(ExtensibilityGlobals) = postSolution
		SolutionGuid = {0F8B3D25-A394-4633-A538-4082C66EB319}
	EndGlobalSection
EndGlobal
